
Microsoft Visual Studio Solution File, Format Version 12.00
# Visual Studio Version 17
VisualStudioVersion = 17.13.35913.81 d17.13
MinimumVisualStudioVersion = 10.0.40219.1
Project("{FAE04EC0-301F-11D3-BF4B-00C04F79EFBC}") = "ConsoleApp1", "ConsoleApp1.csproj", "{E699C344-D238-4983-AA8A-CD28854927E4}"
EndProject
Global
	GlobalSection(SolutionConfigurationPlatforms) = preSolution
		Debug|Any CPU = Debug|Any CPU
		Release|Any CPU = Release|Any CPU
	EndGlobalSection
	GlobalSection(ProjectConfigurationPlatforms) = postSolution
		{E699C344-D238-4983-AA8A-CD28854927E4}.Debug|Any CPU.ActiveCfg = Debug|Any CPU
		{E699C344-D238-4983-AA8A-CD28854927E4}.Debug|Any CPU.Build.0 = Debug|Any CPU
		{E699C344-D238-4983-AA8A-CD28854927E4}.Release|Any CPU.ActiveCfg = Release|Any CPU
		{E699C344-D238-4983-AA8A-CD28854927E4}.Release|Any CPU.Build.0 = Release|Any CPU
	EndGlobalSection
	GlobalSection(SolutionProperties) = preSolution
		HideSolutionNode = FALSE
	EndGlobalSection
	GlobalSection(ExtensibilityGlobals) = postSolution
		SolutionGuid = {39F00AB3-9F1B-44B2-8829-142146DAEF2A}
	EndGlobalSection
EndGlobal
